// !$*UTF8*$!
{
	archiveVersion = 1;
	classes = {
	};
	objectVersion = 46;
	objects = {

/* Begin PBXBuildFile section */
		9AA691F31E7A96F70030F266 /* AppDelegate.swift in Sources */ = {isa = PBXBuildFile; fileRef = 9AA691F21E7A96F70030F266 /* AppDelegate.swift */; };
		9AA691F81E7A96F70030F266 /* Main.storyboard in Resources */ = {isa = PBXBuildFile; fileRef = 9AA691F61E7A96F70030F266 /* Main.storyboard */; };
		9AA691FD1E7A96F70030F266 /* Assets.xcassets in Resources */ = {isa = PBXBuildFile; fileRef = 9AA691FC1E7A96F70030F266 /* Assets.xcassets */; };
		9AA692001E7A96F70030F266 /* LaunchScreen.storyboard in Resources */ = {isa = PBXBuildFile; fileRef = 9AA691FE1E7A96F70030F266 /* LaunchScreen.storyboard */; };
		9AA692081E7A99680030F266 /* CoffeeTableViewController.swift in Sources */ = {isa = PBXBuildFile; fileRef = 9AA692071E7A99680030F266 /* CoffeeTableViewController.swift */; };
		9AA6920A1E7A99820030F266 /* CoffeeTableViewCell.swift in Sources */ = {isa = PBXBuildFile; fileRef = 9AA692091E7A99820030F266 /* CoffeeTableViewCell.swift */; };
		9AA6920C1E7A9C000030F266 /* Coffee.swift in Sources */ = {isa = PBXBuildFile; fileRef = 9AA6920B1E7A9C000030F266 /* Coffee.swift */; };
		9AA6920E1E7A9D950030F266 /* CoffeeDetailViewController.swift in Sources */ = {isa = PBXBuildFile; fileRef = 9AA6920D1E7A9D950030F266 /* CoffeeDetailViewController.swift */; };
/* End PBXBuildFile section */

/* Begin PBXFileReference section */
		9AA691EF1E7A96F70030F266 /* Coffee.app */ = {isa = PBXFileReference; explicitFileType = wrapper.application; includeInIndex = 0; path = Coffee.app; sourceTree = BUILT_PRODUCTS_DIR; };
		9AA691F21E7A96F70030F266 /* AppDelegate.swift */ = {isa = PBXFileReference; lastKnownFileType = sourcecode.swift; path = AppDelegate.swift; sourceTree = "<group>"; };
		9AA691F71E7A96F70030F266 /* Base */ = {isa = PBXFileReference; lastKnownFileType = file.storyboard; name = Base; path = Base.lproj/Main.storyboard; sourceTree = "<group>"; };
		9AA691FC1E7A96F70030F266 /* Assets.xcassets */ = {isa = PBXFileReference; lastKnownFileType = folder.assetcatalog; path = Assets.xcassets; sourceTree = "<group>"; };
		9AA691FF1E7A96F70030F266 /* Base */ = {isa = PBXFileReference; lastKnownFileType = file.storyboard; name = Base; path = Base.lproj/LaunchScreen.storyboard; sourceTree = "<group>"; };
		9AA692011E7A96F70030F266 /* Info.plist */ = {isa = PBXFileReference; lastKnownFileType = text.plist.xml; path = Info.plist; sourceTree = "<group>"; };
		9AA692071E7A99680030F266 /* CoffeeTableViewController.swift */ = {isa = PBXFileReference; fileEncoding = 4; lastKnownFileType = sourcecode.swift; path = CoffeeTableViewController.swift; sourceTree = "<group>"; };
		9AA692091E7A99820030F266 /* CoffeeTableViewCell.swift */ = {isa = PBXFileReference; fileEncoding = 4; lastKnownFileType = sourcecode.swift; path = CoffeeTableViewCell.swift; sourceTree = "<group>"; };
		9AA6920B1E7A9C000030F266 /* Coffee.swift */ = {isa = PBXFileReference; fileEncoding = 4; lastKnownFileType = sourcecode.swift; path = Coffee.swift; sourceTree = "<group>"; };
		9AA6920D1E7A9D950030F266 /* CoffeeDetailViewController.swift */ = {isa = PBXFileReference; fileEncoding = 4; lastKnownFileType = sourcecode.swift; path = CoffeeDetailViewController.swift; sourceTree = "<group>"; };
/* End PBXFileReference section */

/* Begin PBXFrameworksBuildPhase section */
		9AA691EC1E7A96F70030F266 /* Frameworks */ = {
			isa = PBXFrameworksBuildPhase;
			buildActionMask = 2147483647;
			files = (
			);
			runOnlyForDeploymentPostprocessing = 0;
		};
/* End PBXFrameworksBuildPhase section */

/* Begin PBXGroup section */
		9AA691E61E7A96F70030F266 = {
			isa = PBXGroup;
			children = (
				9AA691F11E7A96F70030F266 /* Coffee */,
				9AA691F01E7A96F70030F266 /* Products */,
			);
			sourceTree = "<group>";
		};
		9AA691F01E7A96F70030F266 /* Products */ = {
			isa = PBXGroup;
			children = (
				9AA691EF1E7A96F70030F266 /* Coffee.app */,
			);
			name = Products;
			sourceTree = "<group>";
		};
		9AA691F11E7A96F70030F266 /* Coffee */ = {
			isa = PBXGroup;
			children = (
				9AA691F21E7A96F70030F266 /* AppDelegate.swift */,
				9AA691F61E7A96F70030F266 /* Main.storyboard */,
				9AA691FC1E7A96F70030F266 /* Assets.xcassets */,
				9AA691FE1E7A96F70030F266 /* LaunchScreen.storyboard */,
				9AA692011E7A96F70030F266 /* Info.plist */,
				9AA692071E7A99680030F266 /* CoffeeTableViewController.swift */,
				9AA692091E7A99820030F266 /* CoffeeTableViewCell.swift */,
				9AA6920B1E7A9C000030F266 /* Coffee.swift */,
				9AA6920D1E7A9D950030F266 /* CoffeeDetailViewController.swift */,
			);
			path = Coffee;
			sourceTree = "<group>";
		};
/* End PBXGroup section */

/* Begin PBXNativeTarget section */
		9AA691EE1E7A96F70030F266 /* Coffee */ = {
			isa = PBXNativeTarget;
			buildConfigurationList = 9AA692041E7A96F70030F266 /* Build configuration list for PBXNativeTarget "Coffee" */;
			buildPhases = (
				9AA691EB1E7A96F70030F266 /* Sources */,
				9AA691EC1E7A96F70030F266 /* Frameworks */,
				9AA691ED1E7A96F70030F266 /* Resources */,
			);
			buildRules = (
			);
			dependencies = (
			);
			name = Coffee;
			productName = Coffee;
			productReference = 9AA691EF1E7A96F70030F266 /* Coffee.app */;
			productType = "com.apple.product-type.application";
		};
/* End PBXNativeTarget section */

/* Begin PBXProject section */
		9AA691E71E7A96F70030F266 /* Project object */ = {
			isa = PBXProject;
			attributes = {
				LastSwiftUpdateCheck = 0820;
				LastUpgradeCheck = 0820;
				ORGANIZATIONNAME = "Anastasia Loginova";
				TargetAttributes = {
					9AA691EE1E7A96F70030F266 = {
						CreatedOnToolsVersion = 8.2.1;
						DevelopmentTeam = 8SHRDGC4DZ;
						ProvisioningStyle = Automatic;
					};
				};
			};
			buildConfigurationList = 9AA691EA1E7A96F70030F266 /* Build configuration list for PBXProject "Coffee" */;
			compatibilityVersion = "Xcode 3.2";
			developmentRegion = English;
			hasScannedForEncodings = 0;
			knownRegions = (
				en,
				Base,
			);
			mainGroup = 9AA691E61E7A96F70030F266;
			productRefGroup = 9AA691F01E7A96F70030F266 /* Products */;
			projectDirPath = "";
			projectRoot = "";
			targets = (
				9AA691EE1E7A96F70030F266 /* Coffee */,
			);
		};
/* End PBXProject section */

/* Begin PBXResourcesBuildPhase section */
		9AA691ED1E7A96F70030F266 /* Resources */ = {
			isa = PBXResourcesBuildPhase;
			buildActionMask = 2147483647;
			files = (
				9AA692001E7A96F70030F266 /* LaunchScreen.storyboard in Resources */,
				9AA691FD1E7A96F70030F266 /* Assets.xcassets in Resources */,
				9AA691F81E7A96F70030F266 /* Main.storyboard in Resources */,
			);
			runOnlyForDeploymentPostprocessing = 0;
		};
/* End PBXResourcesBuildPhase section */

/* Begin PBXSourcesBuildPhase section */
		9AA691EB1E7A96F70030F266 /* Sources */ = {
			isa = PBXSourcesBuildPhase;
			buildActionMask = 2147483647;
			files = (
				9AA692081E7A99680030F266 /* CoffeeTableViewController.swift in Sources */,
				9AA691F31E7A96F70030F266 /* AppDelegate.swift in Sources */,
				9AA6920A1E7A99820030F266 /* CoffeeTableViewCell.swift in Sources */,
				9AA6920E1E7A9D950030F266 /* CoffeeDetailViewController.swift in Sources */,
				9AA6920C1E7A9C000030F266 /* Coffee.swift in Sources */,
			);
			runOnlyForDeploymentPostprocessing = 0;
		};
/* End PBXSourcesBuildPhase section */

/* Begin PBXVariantGroup section */
		9AA691F61E7A96F70030F266 /* Main.storyboard */ = {
			isa = PBXVariantGroup;
			children = (
				9AA691F71E7A96F70030F266 /* Base */,
			);
			name = Main.storyboard;
			sourceTree = "<group>";
		};
		9AA691FE1E7A96F70030F266 /* LaunchScreen.storyboard */ = {
			isa = PBXVariantGroup;
			children = (
				9AA691FF1E7A96F70030F266 /* Base */,
			);
			name = LaunchScreen.storyboard;
			sourceTree = "<group>";
		};
/* End PBXVariantGroup section */

/* Begin XCBuildConfiguration section */
		9AA692021E7A96F70030F266 /* Debug */ = {
			isa = XCBuildConfiguration;
			buildSettings = {
				ALWAYS_SEARCH_USER_PATHS = NO;
				CLANG_ANALYZER_NONNULL = YES;
				CLANG_CXX_LANGUAGE_STANDARD = "gnu++0x";
				CLANG_CXX_LIBRARY = "libc++";
				CLANG_ENABLE_MODULES = YES;
				CLANG_ENABLE_OBJC_ARC = YES;
				CLANG_WARN_BOOL_CONVERSION = YES;
				CLANG_WARN_CONSTANT_CONVERSION = YES;
				CLANG_WARN_DIRECT_OBJC_ISA_USAGE = YES_ERROR;
				CLANG_WARN_DOCUMENTATION_COMMENTS = YES;
				CLANG_WARN_EMPTY_BODY = YES;
				CLANG_WARN_ENUM_CONVERSION = YES;
				CLANG_WARN_INFINITE_RECURSION = YES;
				CLANG_WARN_INT_CONVERSION = YES;
				CLANG_WARN_OBJC_ROOT_CLASS = YES_ERROR;
				CLANG_WARN_SUSPICIOUS_MOVE = YES;
				CLANG_WARN_UNREACHABLE_CODE = YES;
				CLANG_WARN__DUPLICATE_METHOD_MATCH = YES;
				"CODE_SIGN_IDENTITY[sdk=iphoneos*]" = "iPhone Developer";
				COPY_PHASE_STRIP = NO;
				DEBUG_INFORMATION_FORMAT = dwarf;
				ENABLE_STRICT_OBJC_MSGSEND = YES;
				ENABLE_TESTABILITY = YES;
				GCC_C_LANGUAGE_STANDARD = gnu99;
				GCC_DYNAMIC_NO_PIC = NO;
				GCC_NO_COMMON_BLOCKS = YES;
				GCC_OPTIMIZATION_LEVEL = 0;
				GCC_PREPROCESSOR_DEFINITIONS = (
					"DEBUG=1",
					"$(inherited)",
				);
				GCC_WARN_64_TO_32_BIT_CONVERSION = YES;
				GCC_WARN_ABOUT_RETURN_TYPE = YES_ERROR;
				GCC_WARN_UNDECLARED_SELECTOR = YES;
				GCC_WARN_UNINITIALIZED_AUTOS = YES_AGGRESSIVE;
				GCC_WARN_UNUSED_FUNCTION = YES;
				GCC_WARN_UNUSED_VARIABLE = YES;
				IPHONEOS_DEPLOYMENT_TARGET = 10.2;
				MTL_ENABLE_DEBUG_INFO = YES;
				ONLY_ACTIVE_ARCH = YES;
				SDKROOT = iphoneos;
				SWIFT_ACTIVE_COMPILATION_CONDITIONS = DEBUG;
				SWIFT_OPTIMIZATION_LEVEL = "-Onone";
			};
			name = Debug;
		};
		9AA692031E7A96F70030F266 /* Release */ = {
			isa = XCBuildConfiguration;
			buildSettings = {
				ALWAYS_SEARCH_USER_PATHS = NO;
				CLANG_ANALYZER_NONNULL = YES;
				CLANG_CXX_LANGUAGE_STANDARD = "gnu++0x";
				CLANG_CXX_LIBRARY = "libc++";
				CLANG_ENABLE_MODULES = YES;
				CLANG_ENABLE_OBJC_ARC = YES;
				CLANG_WARN_BOOL_CONVERSION = YES;
				CLANG_WARN_CONSTANT_CONVERSION = YES;
				CLANG_WARN_DIRECT_OBJC_ISA_USAGE = YES_ERROR;
				CLANG_WARN_DOCUMENTATION_COMMENTS = YES;
				CLANG_WARN_EMPTY_BODY = YES;
				CLANG_WARN_ENUM_CONVERSION = YES;
				CLANG_WARN_INFINITE_RECURSION = YES;
				CLANG_WARN_INT_CONVERSION = YES;
				CLANG_WARN_OBJC_ROOT_CLASS = YES_ERROR;
				CLANG_WARN_SUSPICIOUS_MOVE = YES;
				CLANG_WARN_UNREACHABLE_CODE = YES;
				CLANG_WARN__DUPLICATE_METHOD_MATCH = YES;
				"CODE_SIGN_IDENTITY[sdk=iphoneos*]" = "iPhone Developer";
				COPY_PHASE_STRIP = NO;
				DEBUG_INFORMATION_FORMAT = "dwarf-with-dsym";
				ENABLE_NS_ASSERTIONS = NO;
				ENABLE_STRICT_OBJC_MSGSEND = YES;
				GCC_C_LANGUAGE_STANDARD = gnu99;
				GCC_NO_COMMON_BLOCKS = YES;
				GCC_WARN_64_TO_32_BIT_CONVERSION = YES;
				GCC_WARN_ABOUT_RETURN_TYPE = YES_ERROR;
				GCC_WARN_UNDECLARED_SELECTOR = YES;
				GCC_WARN_UNINITIALIZED_AUTOS = YES_AGGRESSIVE;
				GCC_WARN_UNUSED_FUNCTION = YES;
				GCC_WARN_UNUSED_VARIABLE = YES;
				IPHONEOS_DEPLOYMENT_TARGET = 10.2;
				MTL_ENABLE_DEBUG_INFO = NO;
				SDKROOT = iphoneos;
				SWIFT_OPTIMIZATION_LEVEL = "-Owholemodule";
				VALIDATE_PRODUCT = YES;
			};
			name = Release;
		};
		9AA692051E7A96F70030F266 /* Debug */ = {
			isa = XCBuildConfiguration;
			buildSettings = {
				ASSETCATALOG_COMPILER_APPICON_NAME = AppIcon;
				DEVELOPMENT_TEAM = 8SHRDGC4DZ;
				INFOPLIST_FILE = Coffee/Info.plist;
				LD_RUNPATH_SEARCH_PATHS = "$(inherited) @executable_path/Frameworks";
				PRODUCT_BUNDLE_IDENTIFIER = com.loginova.Coffee;
				PRODUCT_NAME = "$(TARGET_NAME)";
				SWIFT_VERSION = 3.0;
			};
			name = Debug;
		};
		9AA692061E7A96F70030F266 /* Release */ = {
			isa = XCBuildConfiguration;
			buildSettings = {
				ASSETCATALOG_COMPILER_APPICON_NAME = AppIcon;
				DEVELOPMENT_TEAM = 8SHRDGC4DZ;
				INFOPLIST_FILE = Coffee/Info.plist;
				LD_RUNPATH_SEARCH_PATHS = "$(inherited) @executable_path/Frameworks";
				PRODUCT_BUNDLE_IDENTIFIER = com.loginova.Coffee;
				PRODUCT_NAME = "$(TARGET_NAME)";
				SWIFT_VERSION = 3.0;
			};
			name = Release;
		};
/* End XCBuildConfiguration section */

/* Begin XCConfigurationList section */
		9AA691EA1E7A96F70030F266 /* Build configuration list for PBXProject "Coffee" */ = {
			isa = XCConfigurationList;
			buildConfigurations = (
				9AA692021E7A96F70030F266 /* Debug */,
				9AA692031E7A96F70030F266 /* Release */,
			);
			defaultConfigurationIsVisible = 0;
			defaultConfigurationName = Release;
		};
		9AA692041E7A96F70030F266 /* Build configuration list for PBXNativeTarget "Coffee" */ = {
			isa = XCConfigurationList;
			buildConfigurations = (
				9AA692051E7A96F70030F266 /* Debug */,
				9AA692061E7A96F70030F266 /* Release */,
			);
			defaultConfigurationIsVisible = 0;
		};
/* End XCConfigurationList section */
	};
	rootObject = 9AA691E71E7A96F70030F266 /* Project object */;
}
